
Microsoft Visual Studio Solution File, Format Version 12.00
# Visual Studio Version 17
VisualStudioVersion = 17.0.31903.59
MinimumVisualStudioVersion = 10.0.40219.1
Project("{FAE04EC0-301F-11D3-BF4B-00C04F79EFBC}") = "Client", "Client\Client.csproj", "{AD1FCF64-B975-49B6-AA2E-B3DC772CFEE1}"
EndProject
Project("{FAE04EC0-301F-11D3-BF4B-00C04F79EFBC}") = "IdentityServer", "IdentityServer\IdentityServer.csproj", "{566FB47A-1B1A-4005-B32D-11E417A12E43}"
EndProject
Project("{FAE04EC0-301F-11D3-BF4B-00C04F79EFBC}") = "WebApi", "WebApi\WebApi.csproj", "{ACE5F01A-B218-4D2C-91BF-43E7EB0BF3F1}"
EndProject
Global
	GlobalSection(SolutionConfigurationPlatforms) = preSolution
		Debug|Any CPU = Debug|Any CPU
		Release|Any CPU = Release|Any CPU
	EndGlobalSection
	GlobalSection(SolutionProperties) = preSolution
		HideSolutionNode = FALSE
	EndGlobalSection
	GlobalSection(ProjectConfigurationPlatforms) = postSolution
		{AD1FCF64-B975-49B6-AA2E-B3DC772CFEE1}.Debug|Any CPU.ActiveCfg = Debug|Any CPU
		{AD1FCF64-B975-49B6-AA2E-B3DC772CFEE1}.Debug|Any CPU.Build.0 = Debug|Any CPU
		{AD1FCF64-B975-49B6-AA2E-B3DC772CFEE1}.Release|Any CPU.ActiveCfg = Release|Any CPU
		{AD1FCF64-B975-49B6-AA2E-B3DC772CFEE1}.Release|Any CPU.Build.0 = Release|Any CPU
		{566FB47A-1B1A-4005-B32D-11E417A12E43}.Debug|Any CPU.ActiveCfg = Debug|Any CPU
		{566FB47A-1B1A-4005-B32D-11E417A12E43}.Debug|Any CPU.Build.0 = Debug|Any CPU
		{566FB47A-1B1A-4005-B32D-11E417A12E43}.Release|Any CPU.ActiveCfg = Release|Any CPU
		{566FB47A-1B1A-4005-B32D-11E417A12E43}.Release|Any CPU.Build.0 = Release|Any CPU
		{ACE5F01A-B218-4D2C-91BF-43E7EB0BF3F1}.Debug|Any CPU.ActiveCfg = Debug|Any CPU
		{ACE5F01A-B218-4D2C-91BF-43E7EB0BF3F1}.Debug|Any CPU.Build.0 = Debug|Any CPU
		{ACE5F01A-B218-4D2C-91BF-43E7EB0BF3F1}.Release|Any CPU.ActiveCfg = Release|Any CPU
		{ACE5F01A-B218-4D2C-91BF-43E7EB0BF3F1}.Release|Any CPU.Build.0 = Release|Any CPU
	EndGlobalSection
EndGlobal
